{
    "_meta": {
        "hash": {
            "sha256": "92a3a790c4bc22b38cf9d4959c3635a9728a0601c55576b3478f5d8e89dc0d9a"
        },
        "pipfile-spec": 6,
        "requires": {
            "python_version": "3.9"
        },
        "sources": [
            {
                "name": "pypi",
                "url": "https://pypi.org/simple",
                "verify_ssl": true
            }
        ]
    },
    "default": {
        "async-generator": {
            "hashes": [
                "sha256:01c7bf666359b4967d2cda0000cc2e4af16a0ae098cbffcb8472fb9e8ad6585b",
                "sha256:6ebb3d106c12920aaae42ccb6f787ef5eefdcdd166ea3d628fa8476abe712144"
            ],
            "markers": "python_version >= '3.5'",
            "version": "==1.10"
        },
        "atomicwrites": {
            "hashes": [
                "sha256:6d1784dea7c0c8d4a5172b6c620f40b6e4cbfdf96d783691f2e1302a7b88e197",
                "sha256:ae70396ad1a434f9c7046fd2dd196fc04b12f9e91ffb859164193be8b6168a7a"
            ],
            "markers": "sys_platform == 'win32'",
            "version": "==1.4.0"
        },
        "attrs": {
            "hashes": [
                "sha256:2d27e3784d7a565d36ab851fe94887c5eccd6a463168875832a1be79c82828b4",
                "sha256:626ba8234211db98e869df76230a137c4c40a12d72445c45d5f5b716f076e2fd"
            ],
            "markers": "python_version >= '2.7' and python_version not in '3.0, 3.1, 3.2, 3.3, 3.4'",
            "version": "==21.4.0"
        },
        "brotli": {
            "hashes": [
                "sha256:12effe280b8ebfd389022aa65114e30407540ccb89b177d3fbc9a4f177c4bd5d",
                "sha256:160c78292e98d21e73a4cc7f76a234390e516afcd982fa17e1422f7c6a9ce9c8",
                "sha256:16d528a45c2e1909c2798f27f7bf0a3feec1dc9e50948e738b961618e38b6a7b",
                "sha256:19598ecddd8a212aedb1ffa15763dd52a388518c4550e615aed88dc3753c0f0c",
                "sha256:1c48472a6ba3b113452355b9af0a60da5c2ae60477f8feda8346f8fd48e3e87c",
                "sha256:268fe94547ba25b58ebc724680609c8ee3e5a843202e9a381f6f9c5e8bdb5c70",
                "sha256:269a5743a393c65db46a7bb982644c67ecba4b8d91b392403ad8a861ba6f495f",
                "sha256:26d168aac4aaec9a4394221240e8a5436b5634adc3cd1cdf637f6645cecbf181",
                "sha256:29d1d350178e5225397e28ea1b7aca3648fcbab546d20e7475805437bfb0a130",
                "sha256:2aad0e0baa04517741c9bb5b07586c642302e5fb3e75319cb62087bd0995ab19",
                "sha256:3496fc835370da351d37cada4cf744039616a6db7d13c430035e901443a34daa",
                "sha256:35a3edbe18e876e596553c4007a087f8bcfd538f19bc116917b3c7522fca0429",
                "sha256:3b78a24b5fd13c03ee2b7b86290ed20efdc95da75a3557cc06811764d5ad1126",
                "sha256:40d15c79f42e0a2c72892bf407979febd9cf91f36f495ffb333d1d04cebb34e4",
                "sha256:44bb8ff420c1d19d91d79d8c3574b8954288bdff0273bf788954064d260d7ab0",
                "sha256:4688c1e42968ba52e57d8670ad2306fe92e0169c6f3af0089be75bbac0c64a3b",
                "sha256:495ba7e49c2db22b046a53b469bbecea802efce200dffb69b93dd47397edc9b6",
                "sha256:4d1b810aa0ed773f81dceda2cc7b403d01057458730e309856356d4ef4188438",
                "sha256:503fa6af7da9f4b5780bb7e4cbe0c639b010f12be85d02c99452825dd0feef3f",
                "sha256:56d027eace784738457437df7331965473f2c0da2c70e1a1f6fdbae5402e0389",
                "sha256:5913a1177fc36e30fcf6dc868ce23b0453952c78c04c266d3149b3d39e1410d6",
                "sha256:5b6ef7d9f9c38292df3690fe3e302b5b530999fa90014853dcd0d6902fb59f26",
                "sha256:5cb1e18167792d7d21e21365d7650b72d5081ed476123ff7b8cac7f45189c0c7",
                "sha256:61a7ee1f13ab913897dac7da44a73c6d44d48a4adff42a5701e3239791c96e14",
                "sha256:622a231b08899c864eb87e85f81c75e7b9ce05b001e59bbfbf43d4a71f5f32b2",
                "sha256:68715970f16b6e92c574c30747c95cf8cf62804569647386ff032195dc89a430",
                "sha256:6b2ae9f5f67f89aade1fab0f7fd8f2832501311c363a21579d02defa844d9296",
                "sha256:6c772d6c0a79ac0f414a9f8947cc407e119b8598de7621f39cacadae3cf57d12",
                "sha256:6d847b14f7ea89f6ad3c9e3901d1bc4835f6b390a9c71df999b0162d9bb1e20f",
                "sha256:76ffebb907bec09ff511bb3acc077695e2c32bc2142819491579a695f77ffd4d",
                "sha256:7bbff90b63328013e1e8cb50650ae0b9bac54ffb4be6104378490193cd60f85a",
                "sha256:7cb81373984cc0e4682f31bc3d6be9026006d96eecd07ea49aafb06897746452",
                "sha256:7ee83d3e3a024a9618e5be64648d6d11c37047ac48adff25f12fa4226cf23d1c",
                "sha256:854c33dad5ba0fbd6ab69185fec8dab89e13cda6b7d191ba111987df74f38761",
                "sha256:85f7912459c67eaab2fb854ed2bc1cc25772b300545fe7ed2dc03954da638649",
                "sha256:87fdccbb6bb589095f413b1e05734ba492c962b4a45a13ff3408fa44ffe6479b",
                "sha256:88c63a1b55f352b02c6ffd24b15ead9fc0e8bf781dbe070213039324922a2eea",
                "sha256:8a674ac10e0a87b683f4fa2b6fa41090edfd686a6524bd8dedbd6138b309175c",
                "sha256:93130612b837103e15ac3f9cbacb4613f9e348b58b3aad53721d92e57f96d46a",
                "sha256:9744a863b489c79a73aba014df554b0e7a0fc44ef3f8a0ef2a52919c7d155031",
                "sha256:9749a124280a0ada4187a6cfd1ffd35c350fb3af79c706589d98e088c5044267",
                "sha256:97f715cf371b16ac88b8c19da00029804e20e25f30d80203417255d239f228b5",
                "sha256:9bf919756d25e4114ace16a8ce91eb340eb57a08e2c6950c3cebcbe3dff2a5e7",
                "sha256:9d12cf2851759b8de8ca5fde36a59c08210a97ffca0eb94c532ce7b17c6a3d1d",
                "sha256:9ed4c92a0665002ff8ea852353aeb60d9141eb04109e88928026d3c8a9e5433c",
                "sha256:a72661af47119a80d82fa583b554095308d6a4c356b2a554fdc2799bc19f2a43",
                "sha256:afde17ae04d90fbe53afb628f7f2d4ca022797aa093e809de5c3cf276f61bbfa",
                "sha256:b336c5e9cf03c7be40c47b5fd694c43c9f1358a80ba384a21969e0b4e66a9b17",
                "sha256:b663f1e02de5d0573610756398e44c130add0eb9a3fc912a09665332942a2efb",
                "sha256:b83bb06a0192cccf1eb8d0a28672a1b79c74c3a8a5f2619625aeb6f28b3a82bb",
                "sha256:c2415d9d082152460f2bd4e382a1e85aed233abc92db5a3880da2257dc7daf7b",
                "sha256:c83aa123d56f2e060644427a882a36b3c12db93727ad7a7b9efd7d7f3e9cc2c4",
                "sha256:cfc391f4429ee0a9370aa93d812a52e1fee0f37a81861f4fdd1f4fb28e8547c3",
                "sha256:db844eb158a87ccab83e868a762ea8024ae27337fc7ddcbfcddd157f841fdfe7",
                "sha256:defed7ea5f218a9f2336301e6fd379f55c655bea65ba2476346340a0ce6f74a1",
                "sha256:e16eb9541f3dd1a3e92b89005e37b1257b157b7256df0e36bd7b33b50be73bcb",
                "sha256:e23281b9a08ec338469268f98f194658abfb13658ee98e2b7f85ee9dd06caa91",
                "sha256:e2d9e1cbc1b25e22000328702b014227737756f4b5bf5c485ac1d8091ada078b",
                "sha256:e48f4234f2469ed012a98f4b7874e7f7e173c167bed4934912a29e03167cf6b1",
                "sha256:e4c4e92c14a57c9bd4cb4be678c25369bf7a092d55fd0866f759e425b9660806",
                "sha256:ec1947eabbaf8e0531e8e899fc1d9876c179fc518989461f5d24e2223395a9e3",
                "sha256:f909bbbc433048b499cb9db9e713b5d8d949e8c109a2a548502fb9aa8630f0b1"
            ],
            "markers": "platform_python_implementation == 'CPython'",
            "version": "==1.0.9"
        },
        "browser-cookie3": {
            "hashes": [
                "sha256:91660c97f259c689cb7d3d2eff5ddb5f3d0c942dfa8ecb165aafe2d39143a4e0"
            ],
            "index": "pypi",
            "version": "==0.14.0"
        },
        "certifi": {
            "hashes": [
                "sha256:78884e7c1d4b00ce3cea67b44566851c4343c120abd683433ce934a68ea58872",
                "sha256:d62a0163eb4c2344ac042ab2bdf75399a71a2d8c7d47eac2e2ee91b9d6339569"
            ],
            "version": "==2021.10.8"
        },
        "cffi": {
            "hashes": [
                "sha256:00c878c90cb53ccfaae6b8bc18ad05d2036553e6d9d1d9dbcf323bbe83854ca3",
                "sha256:0104fb5ae2391d46a4cb082abdd5c69ea4eab79d8d44eaaf79f1b1fd806ee4c2",
                "sha256:06c48159c1abed75c2e721b1715c379fa3200c7784271b3c46df01383b593636",
                "sha256:0808014eb713677ec1292301ea4c81ad277b6cdf2fdd90fd540af98c0b101d20",
                "sha256:10dffb601ccfb65262a27233ac273d552ddc4d8ae1bf93b21c94b8511bffe728",
                "sha256:14cd121ea63ecdae71efa69c15c5543a4b5fbcd0bbe2aad864baca0063cecf27",
                "sha256:17771976e82e9f94976180f76468546834d22a7cc404b17c22df2a2c81db0c66",
                "sha256:181dee03b1170ff1969489acf1c26533710231c58f95534e3edac87fff06c443",
                "sha256:23cfe892bd5dd8941608f93348c0737e369e51c100d03718f108bf1add7bd6d0",
                "sha256:263cc3d821c4ab2213cbe8cd8b355a7f72a8324577dc865ef98487c1aeee2bc7",
                "sha256:2756c88cbb94231c7a147402476be2c4df2f6078099a6f4a480d239a8817ae39",
                "sha256:27c219baf94952ae9d50ec19651a687b826792055353d07648a5695413e0c605",
                "sha256:2a23af14f408d53d5e6cd4e3d9a24ff9e05906ad574822a10563efcef137979a",
                "sha256:31fb708d9d7c3f49a60f04cf5b119aeefe5644daba1cd2a0fe389b674fd1de37",
                "sha256:3415c89f9204ee60cd09b235810be700e993e343a408693e80ce7f6a40108029",
                "sha256:3773c4d81e6e818df2efbc7dd77325ca0dcb688116050fb2b3011218eda36139",
                "sha256:3b96a311ac60a3f6be21d2572e46ce67f09abcf4d09344c49274eb9e0bf345fc",
                "sha256:3f7d084648d77af029acb79a0ff49a0ad7e9d09057a9bf46596dac9514dc07df",
                "sha256:41d45de54cd277a7878919867c0f08b0cf817605e4eb94093e7516505d3c8d14",
                "sha256:4238e6dab5d6a8ba812de994bbb0a79bddbdf80994e4ce802b6f6f3142fcc880",
                "sha256:45db3a33139e9c8f7c09234b5784a5e33d31fd6907800b316decad50af323ff2",
                "sha256:45e8636704eacc432a206ac7345a5d3d2c62d95a507ec70d62f23cd91770482a",
                "sha256:4958391dbd6249d7ad855b9ca88fae690783a6be9e86df65865058ed81fc860e",
                "sha256:4a306fa632e8f0928956a41fa8e1d6243c71e7eb59ffbd165fc0b41e316b2474",
                "sha256:57e9ac9ccc3101fac9d6014fba037473e4358ef4e89f8e181f8951a2c0162024",
                "sha256:59888172256cac5629e60e72e86598027aca6bf01fa2465bdb676d37636573e8",
                "sha256:5e069f72d497312b24fcc02073d70cb989045d1c91cbd53979366077959933e0",
                "sha256:64d4ec9f448dfe041705426000cc13e34e6e5bb13736e9fd62e34a0b0c41566e",
                "sha256:6dc2737a3674b3e344847c8686cf29e500584ccad76204efea14f451d4cc669a",
                "sha256:74fdfdbfdc48d3f47148976f49fab3251e550a8720bebc99bf1483f5bfb5db3e",
                "sha256:75e4024375654472cc27e91cbe9eaa08567f7fbdf822638be2814ce059f58032",
                "sha256:786902fb9ba7433aae840e0ed609f45c7bcd4e225ebb9c753aa39725bb3e6ad6",
                "sha256:8b6c2ea03845c9f501ed1313e78de148cd3f6cad741a75d43a29b43da27f2e1e",
                "sha256:91d77d2a782be4274da750752bb1650a97bfd8f291022b379bb8e01c66b4e96b",
                "sha256:91ec59c33514b7c7559a6acda53bbfe1b283949c34fe7440bcf917f96ac0723e",
                "sha256:920f0d66a896c2d99f0adbb391f990a84091179542c205fa53ce5787aff87954",
                "sha256:a5263e363c27b653a90078143adb3d076c1a748ec9ecc78ea2fb916f9b861962",
                "sha256:abb9a20a72ac4e0fdb50dae135ba5e77880518e742077ced47eb1499e29a443c",
                "sha256:c2051981a968d7de9dd2d7b87bcb9c939c74a34626a6e2f8181455dd49ed69e4",
                "sha256:c21c9e3896c23007803a875460fb786118f0cdd4434359577ea25eb556e34c55",
                "sha256:c2502a1a03b6312837279c8c1bd3ebedf6c12c4228ddbad40912d671ccc8a962",
                "sha256:d4d692a89c5cf08a8557fdeb329b82e7bf609aadfaed6c0d79f5a449a3c7c023",
                "sha256:da5db4e883f1ce37f55c667e5c0de439df76ac4cb55964655906306918e7363c",
                "sha256:e7022a66d9b55e93e1a845d8c9eba2a1bebd4966cd8bfc25d9cd07d515b33fa6",
                "sha256:ef1f279350da2c586a69d32fc8733092fd32cc8ac95139a00377841f59a3f8d8",
                "sha256:f54a64f8b0c8ff0b64d18aa76675262e1700f3995182267998c31ae974fbc382",
                "sha256:f5c7150ad32ba43a07c4479f40241756145a1f03b43480e058cfd862bf5041c7",
                "sha256:f6f824dc3bce0edab5f427efcfb1d63ee75b6fcb7282900ccaf925be84efb0fc",
                "sha256:fd8a250edc26254fe5b33be00402e6d287f562b6a5b2152dec302fa15bb3e997",
                "sha256:ffaa5c925128e29efbde7301d8ecaf35c8c60ffbcd6a1ffd3a552177c8e5e796"
            ],
            "markers": "os_name == 'nt' and implementation_name != 'pypy'",
            "version": "==1.15.0"
        },
        "charset-normalizer": {
            "hashes": [
                "sha256:2857e29ff0d34db842cd7ca3230549d1a697f96ee6d3fb071cfa6c7393832597",
                "sha256:6881edbebdb17b39b4eaaa821b438bf6eddffb4468cf344f09f89def34a8b1df"
            ],
            "markers": "python_version >= '3'",
            "version": "==2.0.12"
        },
        "chromedriver-autoinstaller": {
            "hashes": [
                "sha256:7bafc2c1730fc044d078a9e2e31c59c8015077c7e4de3903f7f14693af03bfbe",
                "sha256:d2d934fed5a8c27352e279c8c398ecbc570f5aebb4a877add05dc4703ce91bc8"
            ],
            "index": "pypi",
            "version": "==0.3.1"
        },
        "colorama": {
            "hashes": [
                "sha256:5941b2b48a20143d2267e95b1c2a7603ce057ee39fd88e7329b0c292aa16869b",
                "sha256:9f47eda37229f68eee03b24b9748937c7dc3868f906e8ba69fbcbdd3bc5dc3e2"
            ],
            "markers": "sys_platform == 'win32'",
            "version": "==0.4.4"
        },
        "configargparse": {
            "hashes": [
                "sha256:18f6535a2db9f6e02bd5626cc7455eac3e96b9ab3d969d366f9aafd5c5c00fe7",
                "sha256:1b0b3cbf664ab59dada57123c81eff3d9737e0d11d8cf79e3d6eb10823f1739f"
            ],
            "markers": "python_version >= '2.7' and python_version not in '3.0, 3.1, 3.2, 3.3, 3.4'",
            "version": "==1.5.3"
        },
        "cryptography": {
            "hashes": [
                "sha256:06bfafa6e53ccbfb7a94be4687b211a025ce0625e3f3c60bb15cd048a18f3ed8",
                "sha256:0db5cf21bd7d092baacb576482b0245102cea2d3cf09f09271ce9f69624ecb6f",
                "sha256:125702572be12bcd318e3a14e9e70acd4be69a43664a75f0397e8650fe3c6cc3",
                "sha256:1858eff6246bb8bbc080eee78f3dd1528739e3f416cba5f9914e8631b8df9871",
                "sha256:315af6268de72bcfa0bb3401350ce7d921f216e6b60de12a363dad128d9d459f",
                "sha256:451aaff8b8adf2dd0597cbb1fdcfc8a7d580f33f843b7cce75307a7f20112dd8",
                "sha256:58021d6e9b1d88b1105269d0da5e60e778b37dfc0e824efc71343dd003726831",
                "sha256:618391152147a1221c87b1b0b7f792cafcfd4b5a685c5c72eeea2ddd29aeceff",
                "sha256:6d4daf890e674d191757d8d7d60dc3a29c58c72c7a76a05f1c0a326013f47e8b",
                "sha256:74b55f67f4cf026cb84da7a1b04fc2a1d260193d4ad0ea5e9897c8b74c1e76ac",
                "sha256:7ceae26f876aabe193b13a0c36d1bb8e3e7e608d17351861b437bd882f617e9f",
                "sha256:930b829e8a2abaf43a19f38277ae3c5e1ffcf547b936a927d2587769ae52c296",
                "sha256:a18ff4bfa9d64914a84d7b06c46eb86e0cc03113470b3c111255aceb6dcaf81d",
                "sha256:ae1cd29fbe6b716855454e44f4bf743465152e15d2d317303fe3b58ee9e5af7a",
                "sha256:b1ee5c82cf03b30f6ae4e32d2bcb1e167ef74d6071cbb77c2af30f101d0b360b",
                "sha256:bf585476fcbcd37bed08072e8e2db3954ce1bfc68087a2dc9c19cfe0b90979ca",
                "sha256:c4a58eeafbd7409054be41a377e726a7904a17c26f45abf18125d21b1215b08b",
                "sha256:cce90609e01e1b192fae9e13665058ab46b2ea53a3c05a3ea74a3eb8c3af8857",
                "sha256:d610d0ee14dd9109006215c7c0de15eee91230b70a9bce2263461cf7c3720b83",
                "sha256:e69a0e36e62279120e648e787b76d79b41e0f9e86c1c636a4f38d415595c722e",
                "sha256:f095988548ec5095e3750cdb30e6962273d239b1998ba1aac66c0d5bee7111c1",
                "sha256:faf0f5456c059c7b1c29441bdd5e988f0ba75bdc3eea776520d8dcb1e30e1b5c"
            ],
            "markers": "python_version >= '3.6'",
            "version": "==37.0.1"
        },
        "h11": {
            "hashes": [
                "sha256:70813c1135087a248a4d38cc0e1a0181ffab2188141a93eaf567940c3957ff06",
                "sha256:8ddd78563b633ca55346c8cd41ec0af27d3c79931828beffb46ce70a379e7442"
            ],
            "markers": "python_version >= '3.6'",
            "version": "==0.13.0"
        },
        "idna": {
            "hashes": [
                "sha256:84d9dd047ffa80596e0f246e2eab0b391788b0503584e8945f2368256d2735ff",
                "sha256:9d643ff0a55b762d5cdb124b8eaa99c66322e2157b69160bc32796e824360e6d"
            ],
            "markers": "python_version >= '3.5'",
            "version": "==3.3"
        },
        "importlib-metadata": {
            "hashes": [
                "sha256:1208431ca90a8cca1a6b8af391bb53c1a2db74e5d1cef6ddced95d4b2062edc6",
                "sha256:ea4c597ebf37142f827b8f39299579e31685c31d3a438b59f469406afd0f2539"
            ],
            "markers": "python_version >= '3.7'",
            "version": "==4.11.3"
        },
        "iniconfig": {
            "hashes": [
                "sha256:011e24c64b7f47f6ebd835bb12a743f2fbe9a26d4cecaa7f53bc4f35ee9da8b3",
                "sha256:bc3af051d7d14b2ee5ef9969666def0cd1a000e121eaea580d4a313df4b37f32"
            ],
            "version": "==1.1.1"
        },
        "jeepney": {
            "hashes": [
                "sha256:5efe48d255973902f6badc3ce55e2aa6c5c3b3bc642059ef3a91247bcfcc5806",
                "sha256:c0a454ad016ca575060802ee4d590dd912e35c122fa04e70306de3d076cce755"
            ],
            "markers": "python_version >= '3.7'",
            "version": "==0.8.0"
        },
        "keyring": {
            "hashes": [
                "sha256:9012508e141a80bd1c0b6778d5c610dd9f8c464d75ac6774248500503f972fb9",
                "sha256:b0d28928ac3ec8e42ef4cc227822647a19f1d544f21f96457965dc01cf555261"
            ],
            "markers": "python_version >= '3.7'",
            "version": "==23.5.0"
        },
        "lz4": {
            "hashes": [
                "sha256:04067086a443eef46eb2dfc26e1e5a76165149ceb4a88f0b540b46ead95e39c8",
                "sha256:19e939cd1e5d1776ca8f431c18c10a59970cf98caceeaa6edc98fdcf58499f29",
                "sha256:1ef9b03386757546f962e0598ac1d863960018dd9c04ec207059d3eb52bba12b",
                "sha256:2428f5525c214d8cca332a96a2561415fd1261be2372b68b32a1aa40b9c9000f",
                "sha256:26e4e7f88757c31e5240016b863f37ad79fc2898be272a6d78f267963c1b094b",
                "sha256:2e1fa0dba94a7dece5d0fe109e317242c28f09e1ad488b8db692fcafb094db79",
                "sha256:3221e9a46d343175cefe932b0e812f2ecd3de70c7d036b951488d664587bee4a",
                "sha256:463814c29f1201ef876c031ad32a185adee807ae201c228b28d65f17b203ee11",
                "sha256:4bf2880cae9a5255f86698f60af635f184e49d5f6878a7e0520b6cfcdb0a0d50",
                "sha256:4d96e913877b687bb8e8c6f8a90ce1e2a9a5c5268d9bab489f49bd3ce9ae8afa",
                "sha256:5721ec225a37794fbaabcfa5cf2289ebb4b9e770e73e4e779d514c1fc784df5b",
                "sha256:57c5dfd3b7dae833b0d2b2c1aafd7f9d0dfcab40683d183d010c67c9fd1beca3",
                "sha256:6a4c004e664d8185e2bfeffb90e1bfe554a0cd1a764662648b528e37220822cb",
                "sha256:6c9acd054426840de2e4bbf83321945c3a20e90402ad221f4302e983f8031e14",
                "sha256:79246da3207b9eb4e53b3bed86189a60631e74f9b3d2579918b032fb1c7b114b",
                "sha256:7ec46449892159c869c88848ee2c9b3b5170d193ba79524732334e7bbc39639c",
                "sha256:a4afc2c12c37896e5ac7c5343f255cc242962ed7af940f6ef5276cc5c22e81fd",
                "sha256:afc6bebfcbc48873854c05366b35a69b9c4e440ce17571ade032941cb89585ac",
                "sha256:b83fce61cec36cdc21d234524d60a96d70f1a928533228eae6f46a9de21dc218",
                "sha256:e05542c6cbdb1128c43cfefd7518e231b39329d212b19ab89fd3868596140bdf",
                "sha256:f69405f196c6fb38b94ac6000baa59c0364a1ac264e64194bb2fc48513df79ad"
            ],
            "markers": "python_version >= '3.7'",
            "version": "==4.0.0"
        },
        "mutagen": {
            "hashes": [
                "sha256:6397602efb3c2d7baebd2166ed85731ae1c1d475abca22090b7141ff5034b3e1",
                "sha256:9c9f243fcec7f410f138cb12c21c84c64fde4195481a30c9bfb05b5f003adfed"
            ],
            "markers": "python_version >= '3.5' and python_version < '4'",
            "version": "==1.45.1"
        },
        "numpy": {
            "hashes": [
                "sha256:07a8c89a04997625236c5ecb7afe35a02af3896c8aa01890a849913a2309c676",
                "sha256:08d9b008d0156c70dc392bb3ab3abb6e7a711383c3247b410b39962263576cd4",
                "sha256:201b4d0552831f7250a08d3b38de0d989d6f6e4658b709a02a73c524ccc6ffce",
                "sha256:2c10a93606e0b4b95c9b04b77dc349b398fdfbda382d2a39ba5a822f669a0123",
                "sha256:3ca688e1b9b95d80250bca34b11a05e389b1420d00e87a0d12dc45f131f704a1",
                "sha256:48a3aecd3b997bf452a2dedb11f4e79bc5bfd21a1d4cc760e703c31d57c84b3e",
                "sha256:568dfd16224abddafb1cbcce2ff14f522abe037268514dd7e42c6776a1c3f8e5",
                "sha256:5bfb1bb598e8229c2d5d48db1860bcf4311337864ea3efdbe1171fb0c5da515d",
                "sha256:639b54cdf6aa4f82fe37ebf70401bbb74b8508fddcf4797f9fe59615b8c5813a",
                "sha256:8251ed96f38b47b4295b1ae51631de7ffa8260b5b087808ef09a39a9d66c97ab",
                "sha256:92bfa69cfbdf7dfc3040978ad09a48091143cffb778ec3b03fa170c494118d75",
                "sha256:97098b95aa4e418529099c26558eeb8486e66bd1e53a6b606d684d0c3616b168",
                "sha256:a3bae1a2ed00e90b3ba5f7bd0a7c7999b55d609e0c54ceb2b076a25e345fa9f4",
                "sha256:c34ea7e9d13a70bf2ab64a2532fe149a9aced424cd05a2c4ba662fd989e3e45f",
                "sha256:dbc7601a3b7472d559dc7b933b18b4b66f9aa7452c120e87dfb33d02008c8a18",
                "sha256:e7927a589df200c5e23c57970bafbd0cd322459aa7b1ff73b7c2e84d6e3eae62",
                "sha256:f8c1f39caad2c896bc0018f699882b345b2a63708008be29b1f355ebf6f933fe",
                "sha256:f950f8845b480cffe522913d35567e29dd381b0dc7e4ce6a4a9f9156417d2430",
                "sha256:fade0d4f4d292b6f39951b6836d7a3c7ef5b2347f3c420cd9820a1d90d794802",
                "sha256:fdf3c08bce27132395d3c3ba1503cac12e17282358cb4bddc25cc46b0aca07aa"
            ],
            "markers": "python_version >= '3.8'",
            "version": "==1.22.3"
        },
        "opencv-python": {
            "hashes": [
                "sha256:408d5332550287aa797fd06bef47b2dfed163c6787668cc82ef9123a9484b56a",
                "sha256:6247e584813c00c3b9ed69a795da40d2c153dc923d0182e957e1c2f00a554ac2",
                "sha256:7787bb017ae93d5f9bb1b817ac8e13e45dd193743cb648498fcab21d00cf20a3",
                "sha256:a512a0c59b6fec0fac3844b2f47d6ecb1a9d18d235e6c5491ce8dbbe0663eae8",
                "sha256:b293ced62f4360d9f11cf72ae7e9df95320ff7bf5b834d87546f844e838c0c35",
                "sha256:ca6138b6903910e384067d001763d40f97656875487381aed32993b076f44375",
                "sha256:f65de0446a330c3b773cd04ba10345d8ce1b15dcac3f49770204e37602d0b3f7"
            ],
            "index": "pypi",
            "version": "==4.5.5.64"
        },
        "outcome": {
            "hashes": [
                "sha256:c7dd9375cfd3c12db9801d080a3b63d4b0a261aa996c4c13152380587288d958",
                "sha256:e862f01d4e626e63e8f92c38d1f8d5546d3f9cce989263c521b2e7990d186967"
            ],
            "markers": "python_version >= '3.6'",
            "version": "==1.1.0"
        },
        "packaging": {
            "hashes": [
                "sha256:dd47c42927d89ab911e606518907cc2d3a1f38bbd026385970643f9c5b8ecfeb",
                "sha256:ef103e05f519cdc783ae24ea4e2e0f508a9c99b2d4969652eed6a2e1ea5bd522"
            ],
            "markers": "python_version >= '3.6'",
            "version": "==21.3"
        },
        "par2deep": {
            "hashes": [
                "sha256:6a1f69c232273f709bdd260a5ead61e44517557af03f2ebecabaff9a8eab82a7",
                "sha256:9f66d30ec1571069c099dda23eb9783b21798dcc2c4e88826d703f9ba2908b05"
            ],
            "index": "pypi",
            "version": "==1.9.4.2"
        },
        "pbkdf2": {
            "hashes": [
                "sha256:ac6397369f128212c43064a2b4878038dab78dab41875364554aaf2a684e6979"
            ],
            "version": "==1.3"
        },
        "pluggy": {
            "hashes": [
                "sha256:4224373bacce55f955a878bf9cfa763c1e360858e330072059e10bad68531159",
                "sha256:74134bbf457f031a36d68416e1509f34bd5ccc019f0bcc952c7b909d06b37bd3"
            ],
            "markers": "python_version >= '3.6'",
            "version": "==1.0.0"
        },
        "py": {
            "hashes": [
                "sha256:51c75c4126074b472f746a24399ad32f6053d1b34b68d2fa41e558e6f4a98719",
                "sha256:607c53218732647dff4acdfcd50cb62615cedf612e72d1724fb1a0cc6405b378"
            ],
            "markers": "python_version >= '2.7' and python_version not in '3.0, 3.1, 3.2, 3.3, 3.4'",
            "version": "==1.11.0"
        },
        "pyaes": {
            "hashes": [
                "sha256:02c1b1405c38d3c370b085fb952dd8bea3fadcee6411ad99f312cc129c536d8f"
            ],
            "version": "==1.6.1"
        },
        "pyaescrypt": {
            "hashes": [
                "sha256:a26731960fb24b80bd3c77dbff781cab20e77715906699837f73c9fcb2f44a57",
                "sha256:cfbc05f0bac12d9f0446bb9c824648786cfa5c1ee7bf73674e396bd0749e2963"
            ],
            "index": "pypi",
            "version": "==6.0.0"
        },
        "pycparser": {
            "hashes": [
                "sha256:8ee45429555515e1f6b185e78100aea234072576aa43ab53aefcae078162fca9",
                "sha256:e644fdec12f7872f86c58ff790da456218b10f863970249516d60a5eaca77206"
            ],
            "version": "==2.21"
        },
        "pycryptodome": {
            "hashes": [
                "sha256:028dcbf62d128b4335b61c9fbb7dd8c376594db607ef36d5721ee659719935d5",
                "sha256:12ef157eb1e01a157ca43eda275fa68f8db0dd2792bc4fe00479ab8f0e6ae075",
                "sha256:2562de213960693b6d657098505fd4493c45f3429304da67efcbeb61f0edfe89",
                "sha256:27e92c1293afcb8d2639baf7eb43f4baada86e4de0f1fb22312bfc989b95dae2",
                "sha256:36e3242c4792e54ed906c53f5d840712793dc68b726ec6baefd8d978c5282d30",
                "sha256:50a5346af703330944bea503106cd50c9c2212174cfcb9939db4deb5305a8367",
                "sha256:53dedbd2a6a0b02924718b520a723e88bcf22e37076191eb9b91b79934fb2192",
                "sha256:69f05aaa90c99ac2f2af72d8d7f185f729721ad7c4be89e9e3d0ab101b0ee875",
                "sha256:75a3a364fee153e77ed889c957f6f94ec6d234b82e7195b117180dcc9fc16f96",
                "sha256:766a8e9832128c70012e0c2b263049506cbf334fb21ff7224e2704102b6ef59e",
                "sha256:7fb90a5000cc9c9ff34b4d99f7f039e9c3477700e309ff234eafca7b7471afc0",
                "sha256:893f32210de74b9f8ac869ed66c97d04e7d351182d6d39ebd3b36d3db8bda65d",
                "sha256:8b5c28058102e2974b9868d72ae5144128485d466ba8739abd674b77971454cc",
                "sha256:924b6aad5386fb54f2645f22658cb0398b1f25bc1e714a6d1522c75d527deaa5",
                "sha256:9924248d6920b59c260adcae3ee231cd5af404ac706ad30aa4cd87051bf09c50",
                "sha256:9ec761a35dbac4a99dcbc5cd557e6e57432ddf3e17af8c3c86b44af9da0189c0",
                "sha256:a36ab51674b014ba03da7f98b675fcb8eabd709a2d8e18219f784aba2db73b72",
                "sha256:aae395f79fa549fb1f6e3dc85cf277f0351e15a22e6547250056c7f0c990d6a5",
                "sha256:c880a98376939165b7dc504559f60abe234b99e294523a273847f9e7756f4132",
                "sha256:ce7a875694cd6ccd8682017a7c06c6483600f151d8916f2b25cf7a439e600263",
                "sha256:d1b7739b68a032ad14c5e51f7e4e1a5f92f3628bba024a2bda1f30c481fc85d8",
                "sha256:dcd65355acba9a1d0fc9b923875da35ed50506e339b35436277703d7ace3e222",
                "sha256:e04e40a7f8c1669195536a37979dd87da2c32dbdc73d6fe35f0077b0c17c803b",
                "sha256:e0c04c41e9ade19fbc0eff6aacea40b831bfcb2c91c266137bcdfd0d7b2f33ba",
                "sha256:e24d4ec4b029611359566c52f31af45c5aecde7ef90bf8f31620fd44c438efe7",
                "sha256:e64738207a02a83590df35f59d708bf1e7ea0d6adce712a777be2967e5f7043c",
                "sha256:ea56a35fd0d13121417d39a83f291017551fa2c62d6daa6b04af6ece7ed30d84",
                "sha256:f2772af1c3ef8025c85335f8b828d0193fa1e43256621f613280e2c81bfad423",
                "sha256:f403a3e297a59d94121cb3ee4b1cf41f844332940a62d71f9e4a009cc3533493",
                "sha256:f572a3ff7b6029dd9b904d6be4e0ce9e309dcb847b03e3ac8698d9d23bb36525"
            ],
            "markers": "python_version >= '2.7' and python_version not in '3.0, 3.1, 3.2, 3.3, 3.4'",
            "version": "==3.14.1"
        },
        "pycryptodomex": {
            "hashes": [
                "sha256:1ca8e1b4c62038bb2da55451385246f51f412c5f5eabd64812c01766a5989b4a",
                "sha256:298c00ea41a81a491d5b244d295d18369e5aac4b61b77b2de5b249ca61cd6659",
                "sha256:2aa887683eee493e015545bd69d3d21ac8d5ad582674ec98f4af84511e353e45",
                "sha256:2ce76ed0081fd6ac8c74edc75b9d14eca2064173af79843c24fa62573263c1f2",
                "sha256:3da13c2535b7aea94cc2a6d1b1b37746814c74b6e80790daddd55ca5c120a489",
                "sha256:406ec8cfe0c098fadb18d597dc2ee6de4428d640c0ccafa453f3d9b2e58d29e2",
                "sha256:4d0db8df9ffae36f416897ad184608d9d7a8c2b46c4612c6bc759b26c073f750",
                "sha256:530756d2faa40af4c1f74123e1d889bd07feae45bac2fd32f259a35f7aa74151",
                "sha256:77931df40bb5ce5e13f4de2bfc982b2ddc0198971fbd947776c8bb5050896eb2",
                "sha256:797a36bd1f69df9e2798e33edb4bd04e5a30478efc08f9428c087f17f65a7045",
                "sha256:8085bd0ad2034352eee4d4f3e2da985c2749cb7344b939f4d95ead38c2520859",
                "sha256:8536bc08d130cae6dcba1ea689f2913dfd332d06113904d171f2f56da6228e89",
                "sha256:a4d412eba5679ede84b41dbe48b1bed8f33131ab9db06c238a235334733acc5e",
                "sha256:aebecde2adc4a6847094d3bd6a8a9538ef3438a5ea84ac1983fcb167db614461",
                "sha256:b276cc4deb4a80f9dfd47a41ebb464b1fe91efd8b1b8620cf5ccf8b824b850d6",
                "sha256:b5a185ae79f899b01ca49f365bdf15a45d78d9856f09b0de1a41b92afce1a07f",
                "sha256:c4d8977ccda886d88dc3ca789de2f1adc714df912ff3934b3d0a3f3d777deafb",
                "sha256:c5dd3ffa663c982d7f1be9eb494a8924f6d40e2e2f7d1d27384cfab1b2ac0662",
                "sha256:ca88f2f7020002638276439a01ffbb0355634907d1aa5ca91f3dc0c2e44e8f3b",
                "sha256:d2cce1c82a7845d7e2e8a0956c6b7ed3f1661c9acf18eb120fc71e098ab5c6fe",
                "sha256:d709572d64825d8d59ea112e11cc7faf6007f294e9951324b7574af4251e4de8",
                "sha256:da8db8374295fb532b4b0c467e66800ef17d100e4d5faa2bbbd6df35502da125",
                "sha256:e36c7e3b5382cd5669cf199c4a04a0279a43b2a3bdd77627e9b89778ac9ec08c",
                "sha256:e95a4a6c54d27a84a4624d2af8bb9ee178111604653194ca6880c98dcad92f48",
                "sha256:ee835def05622e0c8b1435a906491760a43d0c462f065ec9143ec4b8d79f8bff",
                "sha256:f75009715dcf4a3d680c2338ab19dac5498f8121173a929872950f4fb3a48fbf",
                "sha256:f8524b8bc89470cec7ac51734907818d3620fb1637f8f8b542d650ebec42a126"
            ],
            "markers": "python_version >= '2.7' and python_version not in '3.0, 3.1, 3.2, 3.3, 3.4'",
            "version": "==3.14.1"
        },
        "pyopenssl": {
            "hashes": [
                "sha256:660b1b1425aac4a1bea1d94168a85d99f0b3144c869dd4390d27629d0087f1bf",
                "sha256:ea252b38c87425b64116f808355e8da644ef9b07e429398bfece610f893ee2e0"
            ],
            "version": "==22.0.0"
        },
        "pyparsing": {
            "hashes": [
                "sha256:7bf433498c016c4314268d95df76c81b842a4cb2b276fa3312cfb1e1d85f6954",
                "sha256:ef7b523f6356f763771559412c0d7134753f037822dad1b16945b7b846f7ad06"
            ],
            "markers": "python_full_version >= '3.6.8'",
            "version": "==3.0.8"
        },
        "pyqt5": {
            "hashes": [
                "sha256:33ced1c876f6a26e7899615a5a4efef2167c263488837c7beed023a64cebd051",
                "sha256:80343bcab95ffba619f2ed2467fd828ffeb0a251ad7225be5fc06dcc333af452",
                "sha256:9d2dcdaf82263ae56023410a7af15d1fd746c8e361733a7d0d1bd1f004ec2793",
                "sha256:9d6efad0377aa78bf081a20ac752ce86096ded18f04c592d98f5b92dc879ad0a",
                "sha256:f411ecda52e488e1d3c5cce7563e1b2ca9cf0b7531e3c25b03d9a7e56e07e7fc"
            ],
            "markers": "python_version >= '3.6'",
            "version": "==5.15.6"
        },
        "pyqt5-qt5": {
            "hashes": [
                "sha256:1988f364ec8caf87a6ee5d5a3a5210d57539988bf8e84714c7d60972692e2f4a",
                "sha256:750b78e4dba6bdf1607febedc08738e318ea09e9b10aea9ff0d73073f11f6962",
                "sha256:76980cd3d7ae87e3c7a33bfebfaee84448fd650bad6840471d6cae199b56e154",
                "sha256:9cc7a768b1921f4b982ebc00a318ccb38578e44e45316c7a4a850e953e1dd327"
            ],
            "version": "==5.15.2"
        },
        "pyqt5-sip": {
            "hashes": [
                "sha256:023de82b23a7e97369588dd6e411dd2bfbedbbcfb4c7f9c2ecaa9e29fc46a81e",
                "sha256:087a7c0ebff00bca73788588b61b50063e17fcdb26977317d1785cb241a66a56",
                "sha256:0ba8c0751b46561542b5a6bb1b703faad10a205d9375ebc607b1c9f858bfe5b1",
                "sha256:2378bda30ee2b7a568086952658ba8daad8f0f71fc335f696423ee9b3b4028db",
                "sha256:3a92bd103dad59c2bfbb1062420c2e7bcf134dfce800f6a8c9964c99a590162d",
                "sha256:5e8472a959ec85f94d4810326505076b55eb4d8b2e08dbd5d87bd1907c59680c",
                "sha256:8024347c865a7f0c6581b460cc18dbea1c401733300bc3cb76f74c9432a2b0ae",
                "sha256:8504991216ff94ca1eaba39a6e6497e6ed860f1fc659f6c14ebfccf43733c02f",
                "sha256:90f8cde3b446799800bc7c2d89a4fef5d8316d9f4c2f06daf4f6976d1c68fdfa",
                "sha256:97e008795c453488f51a5c97dbff29cda7841afb1ca842c9e819d8e6cc0ae724",
                "sha256:a345bed4112d44705340e4033a2abc66d8dbd4afd62f3a9aa69253f15718df53",
                "sha256:a83c7ba53e04e05cf1bcd18639080dd44196cf248773f34b1e9b831c11a1e198",
                "sha256:b2852df169f349e37999fc425f2d0abd004d09219354a55d3b4c6dd574b3fe84",
                "sha256:ba89547fc54403bbdcb7ee6066098d02d18d813f29b7de2434043a357bb79f6b",
                "sha256:d31f6f05777c8ee0828daeb5cb4a15d4124c63d94cacb07faa2dbc79f72209ea",
                "sha256:dda92bfaee40fd612c6b1e2614570d6acc8ec63032c6fd45d5e66badd18d387c",
                "sha256:e70c961eb982cfc866a988cfe4fab16741d480d885203e04b539ecf32b53c6b7"
            ],
            "markers": "python_version >= '3.7'",
            "version": "==12.10.1"
        },
        "pysocks": {
            "hashes": [
                "sha256:08e69f092cc6dbe92a0fdd16eeb9b9ffbc13cadfe5ca4c7bd92ffb078b293299",
                "sha256:2725bd0a9925919b9b51739eea5f9e2bae91e83288108a9ad338b2e3a4435ee5",
                "sha256:3f8804571ebe159c380ac6de37643bb4685970655d3bba243530d6558b799aa0"
            ],
            "version": "==1.7.1"
        },
        "pytest": {
            "hashes": [
                "sha256:13d0e3ccfc2b6e26be000cb6568c832ba67ba32e719443bfe725814d3c42433c",
                "sha256:a06a0425453864a270bc45e71f783330a7428defb4230fb5e6a731fde06ecd45"
            ],
            "index": "pypi",
            "version": "==7.1.2"
        },
        "pytube": {
            "hashes": [
                "sha256:422a9c2e1d35521f00c692b59c18edbaf2c1e12197bd36745bf00a26875674db",
                "sha256:e6cb158ab16f747eae490a5f49233ddb1f111a425c014fb8a9cda7fcb806a689"
            ],
            "index": "pypi",
            "version": "==12.0.0"
        },
        "pywin32-ctypes": {
            "hashes": [
                "sha256:24ffc3b341d457d48e8922352130cf2644024a4ff09762a2261fd34c36ee5942",
                "sha256:9dc2d991b3479cc2df15930958b674a48a227d5361d413827a4cfd0b5876fc98"
            ],
            "markers": "sys_platform == 'win32'",
            "version": "==0.2.0"
        },
        "requests": {
            "hashes": [
                "sha256:68d7c56fd5a8999887728ef304a6d12edc7be74f1cfa47714fc8b414525c9a61",
                "sha256:f22fa1e554c9ddfd16e6e41ac79759e17be9e492b3587efa038054674760e72d"
            ],
            "markers": "python_version >= '2.7' and python_version not in '3.0, 3.1, 3.2, 3.3, 3.4, 3.5'",
            "version": "==2.27.1"
        },
        "secretstorage": {
            "hashes": [
                "sha256:0a8eb9645b320881c222e827c26f4cfcf55363e8b374a021981ef886657a912f",
                "sha256:755dc845b6ad76dcbcbc07ea3da75ae54bb1ea529eb72d15f83d26499a5df319"
            ],
            "markers": "python_version >= '3.6'",
            "version": "==3.3.2"
        },
        "selenium": {
            "hashes": [
                "sha256:14d28a628c831c105d38305c881c9c7847199bfd728ec84240c5e86fa1c9bd5a"
            ],
            "index": "pypi",
            "version": "==4.1.3"
        },
        "send2trash": {
            "hashes": [
                "sha256:d2c24762fd3759860a0aff155e45871447ea58d2be6bdd39b5c8f966a0c99c2d",
                "sha256:f20eaadfdb517eaca5ce077640cb261c7d2698385a6a0f072a4a5447fd49fa08"
            ],
            "version": "==1.8.0"
        },
        "sniffio": {
            "hashes": [
                "sha256:471b71698eac1c2112a40ce2752bb2f4a4814c22a54a3eed3676bc0f5ca9f663",
                "sha256:c4666eecec1d3f50960c6bdf61ab7bc350648da6c126e3cf6898d8cd4ddcd3de"
            ],
            "markers": "python_version >= '3.5'",
            "version": "==1.2.0"
        },
        "sortedcontainers": {
            "hashes": [
                "sha256:25caa5a06cc30b6b83d11423433f65d1f9d76c4c6a0c90e3379eaa43b9bfdb88",
                "sha256:a163dcaede0f1c021485e957a39245190e74249897e2ae4b2aa38595db237ee0"
            ],
            "version": "==2.4.0"
        },
        "tomli": {
            "hashes": [
                "sha256:939de3e7a6161af0c887ef91b7d41a53e7c5a1ca976325f429cb46ea9bc30ecc",
                "sha256:de526c12914f0c550d15924c62d72abc48d6fe7364aa87328337a31007fe8a4f"
            ],
            "markers": "python_version >= '3.7'",
            "version": "==2.0.1"
        },
        "tqdm": {
            "hashes": [
                "sha256:40be55d30e200777a307a7585aee69e4eabb46b4ec6a4b4a5f2d9f11e7d5408d",
                "sha256:74a2cdefe14d11442cedf3ba4e21a3b84ff9a2dbdc6cfae2c34addb2a14a5ea6"
            ],
            "markers": "python_version >= '2.7' and python_version not in '3.0, 3.1, 3.2, 3.3'",
            "version": "==4.64.0"
        },
        "trio": {
            "hashes": [
                "sha256:670a52d3115d0e879e1ac838a4eb999af32f858163e3a704fe4839de2a676070",
                "sha256:fb2d48e4eab0dfb786a472cd514aaadc71e3445b203bc300bad93daa75d77c1a"
            ],
            "markers": "python_version >= '3.7'",
            "version": "==0.20.0"
        },
        "trio-websocket": {
            "hashes": [
                "sha256:5b558f6e83cc20a37c3b61202476c5295d1addf57bd65543364e0337e37ed2bc",
                "sha256:a3d34de8fac26023eee701ed1e7bf4da9a8326b61a62934ec9e53b64970fd8fe"
            ],
            "markers": "python_version >= '3.5'",
            "version": "==0.9.2"
        },
        "urllib3": {
            "extras": [
                "secure",
                "socks"
            ],
            "hashes": [
                "sha256:44ece4d53fb1706f667c9bd1c648f5469a2ec925fcf3a776667042d645472c14",
                "sha256:aabaf16477806a5e1dd19aa41f8c2b7950dd3c746362d7e3223dbe6de6ac448e"
            ],
            "markers": "python_version >= '2.7' and python_version not in '3.0, 3.1, 3.2, 3.3, 3.4' and python_version < '4'",
            "version": "==1.26.9"
        },
        "webdriver-manager": {
            "hashes": [
                "sha256:2eb7c2fe38ec5b06e2090164923e4dfb7c3ac4e7140333a3de9c7956f5047858",
                "sha256:b5b91b5df83181e002263fe27296967a5b19cb1ebe8e4a63ee83538394037df4"
            ],
            "index": "pypi",
            "version": "==3.5.4"
        },
        "websockets": {
            "hashes": [
                "sha256:07cdc0a5b2549bcfbadb585ad8471ebdc7bdf91e32e34ae3889001c1c106a6af",
                "sha256:210aad7fdd381c52e58777560860c7e6110b6174488ef1d4b681c08b68bf7f8c",
                "sha256:28dd20b938a57c3124028680dc1600c197294da5db4292c76a0b48efb3ed7f76",
                "sha256:2f94fa3ae454a63ea3a19f73b95deeebc9f02ba2d5617ca16f0bbdae375cda47",
                "sha256:31564a67c3e4005f27815634343df688b25705cccb22bc1db621c781ddc64c69",
                "sha256:347974105bbd4ea068106ec65e8e8ebd86f28c19e529d115d89bd8cc5cda3079",
                "sha256:379e03422178436af4f3abe0aa8f401aa77ae2487843738542a75faf44a31f0c",
                "sha256:3eda1cb7e9da1b22588cefff09f0951771d6ee9fa8dbe66f5ae04cc5f26b2b55",
                "sha256:51695d3b199cd03098ae5b42833006a0f43dc5418d3102972addc593a783bc02",
                "sha256:54c000abeaff6d8771a4e2cef40900919908ea7b6b6a30eae72752607c6db559",
                "sha256:5b936bf552e4f6357f5727579072ff1e1324717902127ffe60c92d29b67b7be3",
                "sha256:6075fd24df23133c1b078e08a9b04a3bc40b31a8def4ee0b9f2c8865acce913e",
                "sha256:661f641b44ed315556a2fa630239adfd77bd1b11cb0b9d96ed8ad90b0b1e4978",
                "sha256:6ea6b300a6bdd782e49922d690e11c3669828fe36fc2471408c58b93b5535a98",
                "sha256:6ed1d6f791eabfd9808afea1e068f5e59418e55721db8b7f3bfc39dc831c42ae",
                "sha256:7934e055fd5cd9dee60f11d16c8d79c4567315824bacb1246d0208a47eca9755",
                "sha256:7ab36e17af592eec5747c68ef2722a74c1a4a70f3772bc661079baf4ae30e40d",
                "sha256:7f6d96fdb0975044fdd7953b35d003b03f9e2bcf85f2d2cf86285ece53e9f991",
                "sha256:83e5ca0d5b743cde3d29fda74ccab37bdd0911f25bd4cdf09ff8b51b7b4f2fa1",
                "sha256:85506b3328a9e083cc0a0fb3ba27e33c8db78341b3eb12eb72e8afd166c36680",
                "sha256:8af75085b4bc0b5c40c4a3c0e113fa95e84c60f4ed6786cbb675aeb1ee128247",
                "sha256:8b1359aba0ff810d5830d5ab8e2c4a02bebf98a60aa0124fb29aa78cfdb8031f",
                "sha256:8fbd7d77f8aba46d43245e86dd91a8970eac4fb74c473f8e30e9c07581f852b2",
                "sha256:907e8247480f287aa9bbc9391bd6de23c906d48af54c8c421df84655eef66af7",
                "sha256:93d5ea0b5da8d66d868b32c614d2b52d14304444e39e13a59566d4acb8d6e2e4",
                "sha256:97bc9d41e69a7521a358f9b8e44871f6cdeb42af31815c17aed36372d4eec667",
                "sha256:994cdb1942a7a4c2e10098d9162948c9e7b235df755de91ca33f6e0481366fdb",
                "sha256:a141de3d5a92188234afa61653ed0bbd2dde46ad47b15c3042ffb89548e77094",
                "sha256:a1e15b230c3613e8ea82c9fc6941b2093e8eb939dd794c02754d33980ba81e36",
                "sha256:aad5e300ab32036eb3fdc350ad30877210e2f51bceaca83fb7fef4d2b6c72b79",
                "sha256:b529fdfa881b69fe563dbd98acce84f3e5a67df13de415e143ef053ff006d500",
                "sha256:b9c77f0d1436ea4b4dc089ed8335fa141e6a251a92f75f675056dac4ab47a71e",
                "sha256:bb621ec2dbbbe8df78a27dbd9dd7919f9b7d32a73fafcb4d9252fc4637343582",
                "sha256:c7250848ce69559756ad0086a37b82c986cd33c2d344ab87fea596c5ac6d9442",
                "sha256:c8d1d14aa0f600b5be363077b621b1b4d1eb3fbf90af83f9281cda668e6ff7fd",
                "sha256:d1655a6fc7aecd333b079d00fb3c8132d18988e47f19740c69303bf02e9883c6",
                "sha256:d6353ba89cfc657a3f5beabb3b69be226adbb5c6c7a66398e17809b0ce3c4731",
                "sha256:da4377904a3379f0c1b75a965fff23b28315bcd516d27f99a803720dfebd94d4",
                "sha256:e49ea4c1a9543d2bd8a747ff24411509c29e4bdcde05b5b0895e2120cb1a761d",
                "sha256:e4e08305bfd76ba8edab08dcc6496f40674f44eb9d5e23153efa0a35750337e8",
                "sha256:e6fa05a680e35d0fcc1470cb070b10e6fe247af54768f488ed93542e71339d6f",
                "sha256:e7e6f2d6fd48422071cc8a6f8542016f350b79cc782752de531577d35e9bd677",
                "sha256:e904c0381c014b914136c492c8fa711ca4cced4e9b3d110e5e7d436d0fc289e8",
                "sha256:ec2b0ab7edc8cd4b0eb428b38ed89079bdc20c6bdb5f889d353011038caac2f9",
                "sha256:ef5ce841e102278c1c2e98f043db99d6755b1c58bde475516aef3a008ed7f28e",
                "sha256:f351c7d7d92f67c0609329ab2735eee0426a03022771b00102816a72715bb00b",
                "sha256:fab7c640815812ed5f10fbee7abbf58788d602046b7bb3af9b1ac753a6d5e916",
                "sha256:fc06cc8073c8e87072138ba1e431300e2d408f054b27047d047b549455066ff4"
            ],
            "markers": "python_version >= '3.7'",
            "version": "==10.3"
        },
        "wsproto": {
            "hashes": [
                "sha256:2218cb57952d90b9fca325c0dcfb08c3bda93e8fd8070b0a17f048e2e47a521b",
                "sha256:a2e56bfd5c7cd83c1369d83b5feccd6d37798b74872866e62616e0ecf111bda8"
            ],
            "markers": "python_version >= '3.7'",
            "version": "==1.1.0"
        },
        "yt-dlp": {
            "hashes": [
                "sha256:6edefe326b1e1478fdbe627a66203e5248a6b0dd50c101e682cf700ab70cdf72",
                "sha256:8758d016509d4574b90fbde975aa70adaef71ed5e7a195141588f6d6945205ba"
            ],
            "index": "pypi",
            "version": "==2022.4.8"
        },
        "zipp": {
            "hashes": [
                "sha256:56bf8aadb83c24db6c4b577e13de374ccfb67da2078beba1d037c17980bf43ad",
                "sha256:c4f6e5bbf48e74f7a38e7cc5b0480ff42b0ae5178957d564d18932525d5cf099"
            ],
            "markers": "python_version >= '3.7'",
            "version": "==3.8.0"
        }
    },
    "develop": {}
}
